{
  "object": {
    "pins": [
      {
        "package": "TweeTextField",
        "repositoryURL": "https://github.com/oleghnidets/TweeTextField.git",
        "state": {
          "branch": null,
          "revision": "b712e44c1fe4020ee20f9d494572a9762ea5a59c",
          "version": "1.6.3"
        }
      }
    ]
  },
  "version": 1
}
